
Microsoft Visual Studio Solution File, Format Version 12.00
# Visual Studio Version 17
VisualStudioVersion = 17.9.34607.119
MinimumVisualStudioVersion = 10.0.40219.1
Project("{FAE04EC0-301F-11D3-BF4B-00C04F79EFBC}") = "BüfeSatis", "BüfeSatis\BüfeSatis.csproj", "{6F146445-FDF3-4D25-8C49-5E95F915AFAC}"
EndProject
Global
	GlobalSection(SolutionConfigurationPlatforms) = preSolution
		Debug|Any CPU = Debug|Any CPU
		Release|Any CPU = Release|Any CPU
	EndGlobalSection
	GlobalSection(ProjectConfigurationPlatforms) = postSolution
		{6F146445-FDF3-4D25-8C49-5E95F915AFAC}.Debug|Any CPU.ActiveCfg = Debug|Any CPU
		{6F146445-FDF3-4D25-8C49-5E95F915AFAC}.Debug|Any CPU.Build.0 = Debug|Any CPU
		{6F146445-FDF3-4D25-8C49-5E95F915AFAC}.Release|Any CPU.ActiveCfg = Release|Any CPU
		{6F146445-FDF3-4D25-8C49-5E95F915AFAC}.Release|Any CPU.Build.0 = Release|Any CPU
	EndGlobalSection
	GlobalSection(SolutionProperties) = preSolution
		HideSolutionNode = FALSE
	EndGlobalSection
	GlobalSection(ExtensibilityGlobals) = postSolution
		SolutionGuid = {A3BD6E1A-A368-4729-AF8B-BFFACED483B4}
	EndGlobalSection
EndGlobal
